// !$*UTF8*$!
{
	archiveVersion = 1;
	classes = {
	};
	objectVersion = 46;
	objects = {

/* Begin PBXBuildFile section */
		C10318B81DD2FB3F0068A1CC /* Day12_ExcelSheetColumnNumber_171.swift in Sources */ = {isa = PBXBuildFile; fileRef = C10318B71DD2FB3F0068A1CC /* Day12_ExcelSheetColumnNumber_171.swift */; };
		C10318BB1DD2FC6E0068A1CC /* Day13_ExcelSheetColumnTitle_168.swift in Sources */ = {isa = PBXBuildFile; fileRef = C10318BA1DD2FC6E0068A1CC /* Day13_ExcelSheetColumnTitle_168.swift */; };
		C11581A01DDA9CE800F86E9D /* Day16_ValidAnagram_242.swift in Sources */ = {isa = PBXBuildFile; fileRef = C115819F1DDA9CE800F86E9D /* Day16_ValidAnagram_242.swift */; };
		C11E14461DD989AD0019481D /* Day15_LongestPalindrome_409.swift in Sources */ = {isa = PBXBuildFile; fileRef = C11E14451DD989AD0019481D /* Day15_LongestPalindrome_409.swift */; };
		C1752FEF1DD5B91000B1504B /* Day14_FirstUniqueCharacterinaString_387.swift in Sources */ = {isa = PBXBuildFile; fileRef = C151AA041DD5A3E700E224C0 /* Day14_FirstUniqueCharacterinaString_387.swift */; };
		C17AEF6E1DD2146500F30316 /* main.swift in Sources */ = {isa = PBXBuildFile; fileRef = C17AEF6D1DD2146500F30316 /* main.swift */; };
		C17AEF901DD214DA00F30316 /* Day1_TwoSum_1.swift in Sources */ = {isa = PBXBuildFile; fileRef = C17AEF781DD214DA00F30316 /* Day1_TwoSum_1.swift */; };
		C17AEF911DD214DA00F30316 /* Day2_CountingBits_338.swift in Sources */ = {isa = PBXBuildFile; fileRef = C17AEF7A1DD214DA00F30316 /* Day2_CountingBits_338.swift */; };
		C17AEF921DD214DA00F30316 /* Day3_ReverseString_344.swift in Sources */ = {isa = PBXBuildFile; fileRef = C17AEF7C1DD214DA00F30316 /* Day3_ReverseString_344.swift */; };
		C17AEF931DD214DA00F30316 /* Day4_FizzBuzz_412.swift in Sources */ = {isa = PBXBuildFile; fileRef = C17AEF7E1DD214DA00F30316 /* Day4_FizzBuzz_412.swift */; };
		C17AEF941DD214DA00F30316 /* 292. NimGame.md in Sources */ = {isa = PBXBuildFile; fileRef = C17AEF801DD214DA00F30316 /* 292. NimGame.md */; };
		C17AEF951DD214DA00F30316 /* Day5_NimGame_292.swift in Sources */ = {isa = PBXBuildFile; fileRef = C17AEF811DD214DA00F30316 /* Day5_NimGame_292.swift */; };
		C17AEF961DD214DA00F30316 /* Day6_Single_Number_136.swift in Sources */ = {isa = PBXBuildFile; fileRef = C17AEF831DD214DA00F30316 /* Day6_Single_Number_136.swift */; };
		C17AEF971DD214DA00F30316 /* 371.SumofTwoIntegers.md in Sources */ = {isa = PBXBuildFile; fileRef = C17AEF851DD214DA00F30316 /* 371.SumofTwoIntegers.md */; };
		C17AEF981DD214DA00F30316 /* Day7_SumofTwoIntegers_371.swift in Sources */ = {isa = PBXBuildFile; fileRef = C17AEF861DD214DA00F30316 /* Day7_SumofTwoIntegers_371.swift */; };
		C17AEF991DD214DA00F30316 /* Day10_RansomNote_383.swift in Sources */ = {isa = PBXBuildFile; fileRef = C17AEF891DD214DA00F30316 /* Day10_RansomNote_383.swift */; };
		C17AEF9A1DD214DA00F30316 /* Day11_IntersectionofTwoArrays_349.swift in Sources */ = {isa = PBXBuildFile; fileRef = C17AEF8B1DD214DA00F30316 /* Day11_IntersectionofTwoArrays_349.swift */; };
		C17AEF9B1DD214DA00F30316 /* Day8_AddDigits_258.swift in Sources */ = {isa = PBXBuildFile; fileRef = C17AEF8D1DD214DA00F30316 /* Day8_AddDigits_258.swift */; };
		C17AEF9C1DD214DA00F30316 /* Day9_MoveZeroes_283.swift in Sources */ = {isa = PBXBuildFile; fileRef = C17AEF8F1DD214DA00F30316 /* Day9_MoveZeroes_283.swift */; };
		C1D233061DE6CE6900BD1C62 /* Day17_MajorityElement_169.swift in Sources */ = {isa = PBXBuildFile; fileRef = C1D233051DE6CE6900BD1C62 /* Day17_MajorityElement_169.swift */; };
/* End PBXBuildFile section */

/* Begin PBXCopyFilesBuildPhase section */
		C17AEF681DD2146500F30316 /* CopyFiles */ = {
			isa = PBXCopyFilesBuildPhase;
			buildActionMask = 2147483647;
			dstPath = /usr/share/man/man1/;
			dstSubfolderSpec = 0;
			files = (
			);
			runOnlyForDeploymentPostprocessing = 1;
		};
/* End PBXCopyFilesBuildPhase section */

/* Begin PBXFileReference section */
		C10318B71DD2FB3F0068A1CC /* Day12_ExcelSheetColumnNumber_171.swift */ = {isa = PBXFileReference; fileEncoding = 4; lastKnownFileType = sourcecode.swift; path = Day12_ExcelSheetColumnNumber_171.swift; sourceTree = "<group>"; };
		C10318BA1DD2FC6E0068A1CC /* Day13_ExcelSheetColumnTitle_168.swift */ = {isa = PBXFileReference; fileEncoding = 4; lastKnownFileType = sourcecode.swift; path = Day13_ExcelSheetColumnTitle_168.swift; sourceTree = "<group>"; };
		C115819F1DDA9CE800F86E9D /* Day16_ValidAnagram_242.swift */ = {isa = PBXFileReference; fileEncoding = 4; lastKnownFileType = sourcecode.swift; path = Day16_ValidAnagram_242.swift; sourceTree = "<group>"; };
		C11E14451DD989AD0019481D /* Day15_LongestPalindrome_409.swift */ = {isa = PBXFileReference; fileEncoding = 4; lastKnownFileType = sourcecode.swift; path = Day15_LongestPalindrome_409.swift; sourceTree = "<group>"; };
		C151AA041DD5A3E700E224C0 /* Day14_FirstUniqueCharacterinaString_387.swift */ = {isa = PBXFileReference; lastKnownFileType = sourcecode.swift; path = Day14_FirstUniqueCharacterinaString_387.swift; sourceTree = "<group>"; };
		C17AEF6A1DD2146500F30316 /* Leetcode */ = {isa = PBXFileReference; explicitFileType = "compiled.mach-o.executable"; includeInIndex = 0; path = Leetcode; sourceTree = BUILT_PRODUCTS_DIR; };
		C17AEF6D1DD2146500F30316 /* main.swift */ = {isa = PBXFileReference; lastKnownFileType = sourcecode.swift; path = main.swift; sourceTree = "<group>"; };
		C17AEF781DD214DA00F30316 /* Day1_TwoSum_1.swift */ = {isa = PBXFileReference; fileEncoding = 4; lastKnownFileType = sourcecode.swift; path = Day1_TwoSum_1.swift; sourceTree = "<group>"; };
		C17AEF7A1DD214DA00F30316 /* Day2_CountingBits_338.swift */ = {isa = PBXFileReference; fileEncoding = 4; lastKnownFileType = sourcecode.swift; path = Day2_CountingBits_338.swift; sourceTree = "<group>"; };
		C17AEF7C1DD214DA00F30316 /* Day3_ReverseString_344.swift */ = {isa = PBXFileReference; fileEncoding = 4; lastKnownFileType = sourcecode.swift; path = Day3_ReverseString_344.swift; sourceTree = "<group>"; };
		C17AEF7E1DD214DA00F30316 /* Day4_FizzBuzz_412.swift */ = {isa = PBXFileReference; fileEncoding = 4; lastKnownFileType = sourcecode.swift; path = Day4_FizzBuzz_412.swift; sourceTree = "<group>"; };
		C17AEF801DD214DA00F30316 /* 292. NimGame.md */ = {isa = PBXFileReference; fileEncoding = 4; lastKnownFileType = net.daringfireball.markdown; path = "292. NimGame.md"; sourceTree = "<group>"; };
		C17AEF811DD214DA00F30316 /* Day5_NimGame_292.swift */ = {isa = PBXFileReference; fileEncoding = 4; lastKnownFileType = sourcecode.swift; path = Day5_NimGame_292.swift; sourceTree = "<group>"; };
		C17AEF831DD214DA00F30316 /* Day6_Single_Number_136.swift */ = {isa = PBXFileReference; fileEncoding = 4; lastKnownFileType = sourcecode.swift; path = Day6_Single_Number_136.swift; sourceTree = "<group>"; };
		C17AEF851DD214DA00F30316 /* 371.SumofTwoIntegers.md */ = {isa = PBXFileReference; fileEncoding = 4; lastKnownFileType = net.daringfireball.markdown; path = 371.SumofTwoIntegers.md; sourceTree = "<group>"; };
		C17AEF861DD214DA00F30316 /* Day7_SumofTwoIntegers_371.swift */ = {isa = PBXFileReference; fileEncoding = 4; lastKnownFileType = sourcecode.swift; path = Day7_SumofTwoIntegers_371.swift; sourceTree = "<group>"; };
		C17AEF891DD214DA00F30316 /* Day10_RansomNote_383.swift */ = {isa = PBXFileReference; fileEncoding = 4; lastKnownFileType = sourcecode.swift; path = Day10_RansomNote_383.swift; sourceTree = "<group>"; };
		C17AEF8B1DD214DA00F30316 /* Day11_IntersectionofTwoArrays_349.swift */ = {isa = PBXFileReference; fileEncoding = 4; lastKnownFileType = sourcecode.swift; path = Day11_IntersectionofTwoArrays_349.swift; sourceTree = "<group>"; };
		C17AEF8D1DD214DA00F30316 /* Day8_AddDigits_258.swift */ = {isa = PBXFileReference; fileEncoding = 4; lastKnownFileType = sourcecode.swift; path = Day8_AddDigits_258.swift; sourceTree = "<group>"; };
		C17AEF8F1DD214DA00F30316 /* Day9_MoveZeroes_283.swift */ = {isa = PBXFileReference; fileEncoding = 4; lastKnownFileType = sourcecode.swift; path = Day9_MoveZeroes_283.swift; sourceTree = "<group>"; };
		C1D233051DE6CE6900BD1C62 /* Day17_MajorityElement_169.swift */ = {isa = PBXFileReference; fileEncoding = 4; lastKnownFileType = sourcecode.swift; path = Day17_MajorityElement_169.swift; sourceTree = "<group>"; };
/* End PBXFileReference section */

/* Begin PBXFrameworksBuildPhase section */
		C17AEF671DD2146500F30316 /* Frameworks */ = {
			isa = PBXFrameworksBuildPhase;
			buildActionMask = 2147483647;
			files = (
			);
			runOnlyForDeploymentPostprocessing = 0;
		};
/* End PBXFrameworksBuildPhase section */

/* Begin PBXGroup section */
		C10318B61DD2FB3F0068A1CC /* Day12_ExcelSheetColumnNumber_171 */ = {
			isa = PBXGroup;
			children = (
				C10318B71DD2FB3F0068A1CC /* Day12_ExcelSheetColumnNumber_171.swift */,
			);
			path = Day12_ExcelSheetColumnNumber_171;
			sourceTree = "<group>";
		};
		C10318B91DD2FC6E0068A1CC /* Day13_ExcelSheetColumnTitle_168 */ = {
			isa = PBXGroup;
			children = (
				C10318BA1DD2FC6E0068A1CC /* Day13_ExcelSheetColumnTitle_168.swift */,
			);
			path = Day13_ExcelSheetColumnTitle_168;
			sourceTree = "<group>";
		};
		C115819E1DDA9CE800F86E9D /* Day16_ValidAnagram_242 */ = {
			isa = PBXGroup;
			children = (
				C115819F1DDA9CE800F86E9D /* Day16_ValidAnagram_242.swift */,
			);
			path = Day16_ValidAnagram_242;
			sourceTree = "<group>";
		};
		C11E14431DD989AD0019481D /* Weak3 */ = {
			isa = PBXGroup;
			children = (
				C1D233041DE6CE6900BD1C62 /* Day17_MajorityElement_169 */,
				C115819E1DDA9CE800F86E9D /* Day16_ValidAnagram_242 */,
				C11E14441DD989AD0019481D /* Day15_LongestPalindrome_409 */,
			);
			path = Weak3;
			sourceTree = "<group>";
		};
		C11E14441DD989AD0019481D /* Day15_LongestPalindrome_409 */ = {
			isa = PBXGroup;
			children = (
				C11E14451DD989AD0019481D /* Day15_LongestPalindrome_409.swift */,
			);
			path = Day15_LongestPalindrome_409;
			sourceTree = "<group>";
		};
		C151AA031DD5A3E700E224C0 /* Day14_FirstUniqueCharacterinaString_387 */ = {
			isa = PBXGroup;
			children = (
				C151AA041DD5A3E700E224C0 /* Day14_FirstUniqueCharacterinaString_387.swift */,
			);
			path = Day14_FirstUniqueCharacterinaString_387;
			sourceTree = "<group>";
		};
		C17AEF611DD2146500F30316 = {
			isa = PBXGroup;
			children = (
				C17AEF6C1DD2146500F30316 /* Leetcode */,
				C17AEF6B1DD2146500F30316 /* Products */,
			);
			sourceTree = "<group>";
		};
		C17AEF6B1DD2146500F30316 /* Products */ = {
			isa = PBXGroup;
			children = (
				C17AEF6A1DD2146500F30316 /* Leetcode */,
			);
			name = Products;
			sourceTree = "<group>";
		};
		C17AEF6C1DD2146500F30316 /* Leetcode */ = {
			isa = PBXGroup;
			children = (
				C17AEF741DD214DA00F30316 /* Questions */,
				C17AEF6D1DD2146500F30316 /* main.swift */,
			);
			path = Leetcode;
			sourceTree = "<group>";
		};
		C17AEF741DD214DA00F30316 /* Questions */ = {
			isa = PBXGroup;
			children = (
				C17AEF751DD214DA00F30316 /* Month1 */,
			);
			path = Questions;
			sourceTree = "<group>";
		};
		C17AEF751DD214DA00F30316 /* Month1 */ = {
			isa = PBXGroup;
			children = (
				C11E14431DD989AD0019481D /* Weak3 */,
				C17AEF871DD214DA00F30316 /* Week2 */,
				C17AEF761DD214DA00F30316 /* Week1 */,
			);
			path = Month1;
			sourceTree = "<group>";
		};
		C17AEF761DD214DA00F30316 /* Week1 */ = {
			isa = PBXGroup;
			children = (
				C17AEF771DD214DA00F30316 /* Day1_TwoSum_1 */,
				C17AEF791DD214DA00F30316 /* Day2_CountingBits_338 */,
				C17AEF7B1DD214DA00F30316 /* Day3_ReverseString_344 */,
				C17AEF7D1DD214DA00F30316 /* Day4_FizzBuzz_412 */,
				C17AEF7F1DD214DA00F30316 /* Day5_NimGame_292 */,
				C17AEF821DD214DA00F30316 /* Day6_Single_Number_136 */,
				C17AEF841DD214DA00F30316 /* Day7_SumofTwoIntegers_371 */,
			);
			path = Week1;
			sourceTree = "<group>";
		};
		C17AEF771DD214DA00F30316 /* Day1_TwoSum_1 */ = {
			isa = PBXGroup;
			children = (
				C17AEF781DD214DA00F30316 /* Day1_TwoSum_1.swift */,
			);
			path = Day1_TwoSum_1;
			sourceTree = "<group>";
		};
		C17AEF791DD214DA00F30316 /* Day2_CountingBits_338 */ = {
			isa = PBXGroup;
			children = (
				C17AEF7A1DD214DA00F30316 /* Day2_CountingBits_338.swift */,
			);
			path = Day2_CountingBits_338;
			sourceTree = "<group>";
		};
		C17AEF7B1DD214DA00F30316 /* Day3_ReverseString_344 */ = {
			isa = PBXGroup;
			children = (
				C17AEF7C1DD214DA00F30316 /* Day3_ReverseString_344.swift */,
			);
			path = Day3_ReverseString_344;
			sourceTree = "<group>";
		};
		C17AEF7D1DD214DA00F30316 /* Day4_FizzBuzz_412 */ = {
			isa = PBXGroup;
			children = (
				C17AEF7E1DD214DA00F30316 /* Day4_FizzBuzz_412.swift */,
			);
			path = Day4_FizzBuzz_412;
			sourceTree = "<group>";
		};
		C17AEF7F1DD214DA00F30316 /* Day5_NimGame_292 */ = {
			isa = PBXGroup;
			children = (
				C17AEF801DD214DA00F30316 /* 292. NimGame.md */,
				C17AEF811DD214DA00F30316 /* Day5_NimGame_292.swift */,
			);
			path = Day5_NimGame_292;
			sourceTree = "<group>";
		};
		C17AEF821DD214DA00F30316 /* Day6_Single_Number_136 */ = {
			isa = PBXGroup;
			children = (
				C17AEF831DD214DA00F30316 /* Day6_Single_Number_136.swift */,
			);
			path = Day6_Single_Number_136;
			sourceTree = "<group>";
		};
		C17AEF841DD214DA00F30316 /* Day7_SumofTwoIntegers_371 */ = {
			isa = PBXGroup;
			children = (
				C17AEF851DD214DA00F30316 /* 371.SumofTwoIntegers.md */,
				C17AEF861DD214DA00F30316 /* Day7_SumofTwoIntegers_371.swift */,
			);
			path = Day7_SumofTwoIntegers_371;
			sourceTree = "<group>";
		};
		C17AEF871DD214DA00F30316 /* Week2 */ = {
			isa = PBXGroup;
			children = (
				C151AA031DD5A3E700E224C0 /* Day14_FirstUniqueCharacterinaString_387 */,
				C10318B91DD2FC6E0068A1CC /* Day13_ExcelSheetColumnTitle_168 */,
				C10318B61DD2FB3F0068A1CC /* Day12_ExcelSheetColumnNumber_171 */,
				C17AEF881DD214DA00F30316 /* Day10_RansomNote_383 */,
				C17AEF8A1DD214DA00F30316 /* Day11_IntersectionofTwoArrays_349 */,
				C17AEF8C1DD214DA00F30316 /* Day8_AddDigits_258 */,
				C17AEF8E1DD214DA00F30316 /* Day9_MoveZeroes_283 */,
			);
			path = Week2;
			sourceTree = "<group>";
		};
		C17AEF881DD214DA00F30316 /* Day10_RansomNote_383 */ = {
			isa = PBXGroup;
			children = (
				C17AEF891DD214DA00F30316 /* Day10_RansomNote_383.swift */,
			);
			path = Day10_RansomNote_383;
			sourceTree = "<group>";
		};
		C17AEF8A1DD214DA00F30316 /* Day11_IntersectionofTwoArrays_349 */ = {
			isa = PBXGroup;
			children = (
				C17AEF8B1DD214DA00F30316 /* Day11_IntersectionofTwoArrays_349.swift */,
			);
			path = Day11_IntersectionofTwoArrays_349;
			sourceTree = "<group>";
		};
		C17AEF8C1DD214DA00F30316 /* Day8_AddDigits_258 */ = {
			isa = PBXGroup;
			children = (
				C17AEF8D1DD214DA00F30316 /* Day8_AddDigits_258.swift */,
			);
			path = Day8_AddDigits_258;
			sourceTree = "<group>";
		};
		C17AEF8E1DD214DA00F30316 /* Day9_MoveZeroes_283 */ = {
			isa = PBXGroup;
			children = (
				C17AEF8F1DD214DA00F30316 /* Day9_MoveZeroes_283.swift */,
			);
			path = Day9_MoveZeroes_283;
			sourceTree = "<group>";
		};
		C1D233041DE6CE6900BD1C62 /* Day17_MajorityElement_169 */ = {
			isa = PBXGroup;
			children = (
				C1D233051DE6CE6900BD1C62 /* Day17_MajorityElement_169.swift */,
			);
			path = Day17_MajorityElement_169;
			sourceTree = "<group>";
		};
/* End PBXGroup section */

/* Begin PBXNativeTarget section */
		C17AEF691DD2146500F30316 /* Leetcode */ = {
			isa = PBXNativeTarget;
			buildConfigurationList = C17AEF711DD2146500F30316 /* Build configuration list for PBXNativeTarget "Leetcode" */;
			buildPhases = (
				C17AEF661DD2146500F30316 /* Sources */,
				C17AEF671DD2146500F30316 /* Frameworks */,
				C17AEF681DD2146500F30316 /* CopyFiles */,
			);
			buildRules = (
			);
			dependencies = (
			);
			name = Leetcode;
			productName = Leetcode;
			productReference = C17AEF6A1DD2146500F30316 /* Leetcode */;
			productType = "com.apple.product-type.tool";
		};
/* End PBXNativeTarget section */

/* Begin PBXProject section */
		C17AEF621DD2146500F30316 /* Project object */ = {
			isa = PBXProject;
			attributes = {
				LastSwiftUpdateCheck = 0800;
				LastUpgradeCheck = 0800;
				ORGANIZATIONNAME = pcz;
				TargetAttributes = {
					C17AEF691DD2146500F30316 = {
						CreatedOnToolsVersion = 8.0;
						ProvisioningStyle = Automatic;
					};
				};
			};
			buildConfigurationList = C17AEF651DD2146500F30316 /* Build configuration list for PBXProject "Leetcode" */;
			compatibilityVersion = "Xcode 3.2";
			developmentRegion = English;
			hasScannedForEncodings = 0;
			knownRegions = (
				en,
			);
			mainGroup = C17AEF611DD2146500F30316;
			productRefGroup = C17AEF6B1DD2146500F30316 /* Products */;
			projectDirPath = "";
			projectRoot = "";
			targets = (
				C17AEF691DD2146500F30316 /* Leetcode */,
			);
		};
/* End PBXProject section */

/* Begin PBXSourcesBuildPhase section */
		C17AEF661DD2146500F30316 /* Sources */ = {
			isa = PBXSourcesBuildPhase;
			buildActionMask = 2147483647;
			files = (
				C17AEF9A1DD214DA00F30316 /* Day11_IntersectionofTwoArrays_349.swift in Sources */,
				C17AEF931DD214DA00F30316 /* Day4_FizzBuzz_412.swift in Sources */,
				C10318B81DD2FB3F0068A1CC /* Day12_ExcelSheetColumnNumber_171.swift in Sources */,
				C17AEF991DD214DA00F30316 /* Day10_RansomNote_383.swift in Sources */,
				C17AEF921DD214DA00F30316 /* Day3_ReverseString_344.swift in Sources */,
				C17AEF6E1DD2146500F30316 /* main.swift in Sources */,
				C11581A01DDA9CE800F86E9D /* Day16_ValidAnagram_242.swift in Sources */,
				C17AEF9C1DD214DA00F30316 /* Day9_MoveZeroes_283.swift in Sources */,
				C17AEF941DD214DA00F30316 /* 292. NimGame.md in Sources */,
				C17AEF911DD214DA00F30316 /* Day2_CountingBits_338.swift in Sources */,
				C10318BB1DD2FC6E0068A1CC /* Day13_ExcelSheetColumnTitle_168.swift in Sources */,
				C1D233061DE6CE6900BD1C62 /* Day17_MajorityElement_169.swift in Sources */,
				C17AEF961DD214DA00F30316 /* Day6_Single_Number_136.swift in Sources */,
				C17AEF971DD214DA00F30316 /* 371.SumofTwoIntegers.md in Sources */,
				C11E14461DD989AD0019481D /* Day15_LongestPalindrome_409.swift in Sources */,
				C17AEF9B1DD214DA00F30316 /* Day8_AddDigits_258.swift in Sources */,
				C17AEF981DD214DA00F30316 /* Day7_SumofTwoIntegers_371.swift in Sources */,
				C1752FEF1DD5B91000B1504B /* Day14_FirstUniqueCharacterinaString_387.swift in Sources */,
				C17AEF901DD214DA00F30316 /* Day1_TwoSum_1.swift in Sources */,
				C17AEF951DD214DA00F30316 /* Day5_NimGame_292.swift in Sources */,
			);
			runOnlyForDeploymentPostprocessing = 0;
		};
/* End PBXSourcesBuildPhase section */

/* Begin XCBuildConfiguration section */
		C17AEF6F1DD2146500F30316 /* Debug */ = {
			isa = XCBuildConfiguration;
			buildSettings = {
				ALWAYS_SEARCH_USER_PATHS = NO;
				CLANG_ANALYZER_NONNULL = YES;
				CLANG_CXX_LANGUAGE_STANDARD = "gnu++0x";
				CLANG_CXX_LIBRARY = "libc++";
				CLANG_ENABLE_MODULES = YES;
				CLANG_ENABLE_OBJC_ARC = YES;
				CLANG_WARN_BOOL_CONVERSION = YES;
				CLANG_WARN_CONSTANT_CONVERSION = YES;
				CLANG_WARN_DIRECT_OBJC_ISA_USAGE = YES_ERROR;
				CLANG_WARN_DOCUMENTATION_COMMENTS = YES;
				CLANG_WARN_EMPTY_BODY = YES;
				CLANG_WARN_ENUM_CONVERSION = YES;
				CLANG_WARN_INFINITE_RECURSION = YES;
				CLANG_WARN_INT_CONVERSION = YES;
				CLANG_WARN_OBJC_ROOT_CLASS = YES_ERROR;
				CLANG_WARN_SUSPICIOUS_MOVES = YES;
				CLANG_WARN_UNREACHABLE_CODE = YES;
				CLANG_WARN__DUPLICATE_METHOD_MATCH = YES;
				CODE_SIGN_IDENTITY = "-";
				COPY_PHASE_STRIP = NO;
				DEBUG_INFORMATION_FORMAT = dwarf;
				ENABLE_STRICT_OBJC_MSGSEND = YES;
				ENABLE_TESTABILITY = YES;
				GCC_C_LANGUAGE_STANDARD = gnu99;
				GCC_DYNAMIC_NO_PIC = NO;
				GCC_NO_COMMON_BLOCKS = YES;
				GCC_OPTIMIZATION_LEVEL = 0;
				GCC_PREPROCESSOR_DEFINITIONS = (
					"DEBUG=1",
					"$(inherited)",
				);
				GCC_WARN_64_TO_32_BIT_CONVERSION = YES;
				GCC_WARN_ABOUT_RETURN_TYPE = YES_ERROR;
				GCC_WARN_UNDECLARED_SELECTOR = YES;
				GCC_WARN_UNINITIALIZED_AUTOS = YES_AGGRESSIVE;
				GCC_WARN_UNUSED_FUNCTION = YES;
				GCC_WARN_UNUSED_VARIABLE = YES;
				MACOSX_DEPLOYMENT_TARGET = 10.11;
				MTL_ENABLE_DEBUG_INFO = YES;
				ONLY_ACTIVE_ARCH = YES;
				SDKROOT = macosx;
				SWIFT_OPTIMIZATION_LEVEL = "-Onone";
			};
			name = Debug;
		};
		C17AEF701DD2146500F30316 /* Release */ = {
			isa = XCBuildConfiguration;
			buildSettings = {
				ALWAYS_SEARCH_USER_PATHS = NO;
				CLANG_ANALYZER_NONNULL = YES;
				CLANG_CXX_LANGUAGE_STANDARD = "gnu++0x";
				CLANG_CXX_LIBRARY = "libc++";
				CLANG_ENABLE_MODULES = YES;
				CLANG_ENABLE_OBJC_ARC = YES;
				CLANG_WARN_BOOL_CONVERSION = YES;
				CLANG_WARN_CONSTANT_CONVERSION = YES;
				CLANG_WARN_DIRECT_OBJC_ISA_USAGE = YES_ERROR;
				CLANG_WARN_DOCUMENTATION_COMMENTS = YES;
				CLANG_WARN_EMPTY_BODY = YES;
				CLANG_WARN_ENUM_CONVERSION = YES;
				CLANG_WARN_INFINITE_RECURSION = YES;
				CLANG_WARN_INT_CONVERSION = YES;
				CLANG_WARN_OBJC_ROOT_CLASS = YES_ERROR;
				CLANG_WARN_SUSPICIOUS_MOVES = YES;
				CLANG_WARN_UNREACHABLE_CODE = YES;
				CLANG_WARN__DUPLICATE_METHOD_MATCH = YES;
				CODE_SIGN_IDENTITY = "-";
				COPY_PHASE_STRIP = NO;
				DEBUG_INFORMATION_FORMAT = "dwarf-with-dsym";
				ENABLE_NS_ASSERTIONS = NO;
				ENABLE_STRICT_OBJC_MSGSEND = YES;
				GCC_C_LANGUAGE_STANDARD = gnu99;
				GCC_NO_COMMON_BLOCKS = YES;
				GCC_WARN_64_TO_32_BIT_CONVERSION = YES;
				GCC_WARN_ABOUT_RETURN_TYPE = YES_ERROR;
				GCC_WARN_UNDECLARED_SELECTOR = YES;
				GCC_WARN_UNINITIALIZED_AUTOS = YES_AGGRESSIVE;
				GCC_WARN_UNUSED_FUNCTION = YES;
				GCC_WARN_UNUSED_VARIABLE = YES;
				MACOSX_DEPLOYMENT_TARGET = 10.11;
				MTL_ENABLE_DEBUG_INFO = NO;
				SDKROOT = macosx;
			};
			name = Release;
		};
		C17AEF721DD2146500F30316 /* Debug */ = {
			isa = XCBuildConfiguration;
			buildSettings = {
				PRODUCT_NAME = "$(TARGET_NAME)";
				SWIFT_VERSION = 3.0;
			};
			name = Debug;
		};
		C17AEF731DD2146500F30316 /* Release */ = {
			isa = XCBuildConfiguration;
			buildSettings = {
				PRODUCT_NAME = "$(TARGET_NAME)";
				SWIFT_VERSION = 3.0;
			};
			name = Release;
		};
/* End XCBuildConfiguration section */

/* Begin XCConfigurationList section */
		C17AEF651DD2146500F30316 /* Build configuration list for PBXProject "Leetcode" */ = {
			isa = XCConfigurationList;
			buildConfigurations = (
				C17AEF6F1DD2146500F30316 /* Debug */,
				C17AEF701DD2146500F30316 /* Release */,
			);
			defaultConfigurationIsVisible = 0;
			defaultConfigurationName = Release;
		};
		C17AEF711DD2146500F30316 /* Build configuration list for PBXNativeTarget "Leetcode" */ = {
			isa = XCConfigurationList;
			buildConfigurations = (
				C17AEF721DD2146500F30316 /* Debug */,
				C17AEF731DD2146500F30316 /* Release */,
			);
			defaultConfigurationIsVisible = 0;
			defaultConfigurationName = Release;
		};
/* End XCConfigurationList section */
	};
	rootObject = C17AEF621DD2146500F30316 /* Project object */;
}
