// !$*UTF8*$!
{
	archiveVersion = 1;
	classes = {
	};
	objectVersion = 46;
	objects = {

/* Begin PBXBuildFile section */
		C17AEF6E1DD2146500F30316 /* main.swift in Sources */ = {isa = PBXBuildFile; fileRef = C17AEF6D1DD2146500F30316 /* main.swift */; };
		C1AFDDAF1E9635E400A09A2F /* main.swift in Sources */ = {isa = PBXBuildFile; fileRef = C17AEF6D1DD2146500F30316 /* main.swift */; };
		C1AFDDB21E9637A400A09A2F /* TwoSum_1.swift in Sources */ = {isa = PBXBuildFile; fileRef = C1AFDDB11E9637A400A09A2F /* TwoSum_1.swift */; };
		C1AFDDB31E9637A400A09A2F /* TwoSum_1.swift in Sources */ = {isa = PBXBuildFile; fileRef = C1AFDDB11E9637A400A09A2F /* TwoSum_1.swift */; };
		C1AFDDB81E96385200A09A2F /* TwoSum_1_Test.swift in Sources */ = {isa = PBXBuildFile; fileRef = C1AFDDB71E96385200A09A2F /* TwoSum_1_Test.swift */; };
		C1AFDDBA1E963D7300A09A2F /* LeetCodeTest.swift in Sources */ = {isa = PBXBuildFile; fileRef = C1AFDDB91E963D7300A09A2F /* LeetCodeTest.swift */; };
/* End PBXBuildFile section */

/* Begin PBXCopyFilesBuildPhase section */
		C17AEF681DD2146500F30316 /* CopyFiles */ = {
			isa = PBXCopyFilesBuildPhase;
			buildActionMask = 2147483647;
			dstPath = /usr/share/man/man1/;
			dstSubfolderSpec = 0;
			files = (
			);
			runOnlyForDeploymentPostprocessing = 1;
		};
/* End PBXCopyFilesBuildPhase section */

/* Begin PBXFileReference section */
		C17AEF6A1DD2146500F30316 /* Leetcode */ = {isa = PBXFileReference; explicitFileType = "compiled.mach-o.executable"; includeInIndex = 0; path = Leetcode; sourceTree = BUILT_PRODUCTS_DIR; };
		C17AEF6D1DD2146500F30316 /* main.swift */ = {isa = PBXFileReference; lastKnownFileType = sourcecode.swift; path = main.swift; sourceTree = "<group>"; };
		C1AFDDA71E96357800A09A2F /* LeetcodeTest.xctest */ = {isa = PBXFileReference; explicitFileType = wrapper.cfbundle; includeInIndex = 0; path = LeetcodeTest.xctest; sourceTree = BUILT_PRODUCTS_DIR; };
		C1AFDDAB1E96357800A09A2F /* Info.plist */ = {isa = PBXFileReference; lastKnownFileType = text.plist.xml; path = Info.plist; sourceTree = "<group>"; };
		C1AFDDB11E9637A400A09A2F /* TwoSum_1.swift */ = {isa = PBXFileReference; fileEncoding = 4; lastKnownFileType = sourcecode.swift; path = TwoSum_1.swift; sourceTree = "<group>"; };
		C1AFDDB71E96385200A09A2F /* TwoSum_1_Test.swift */ = {isa = PBXFileReference; fileEncoding = 4; lastKnownFileType = sourcecode.swift; path = TwoSum_1_Test.swift; sourceTree = "<group>"; };
		C1AFDDB91E963D7300A09A2F /* LeetCodeTest.swift */ = {isa = PBXFileReference; fileEncoding = 4; lastKnownFileType = sourcecode.swift; path = LeetCodeTest.swift; sourceTree = "<group>"; };
/* End PBXFileReference section */

/* Begin PBXFrameworksBuildPhase section */
		C17AEF671DD2146500F30316 /* Frameworks */ = {
			isa = PBXFrameworksBuildPhase;
			buildActionMask = 2147483647;
			files = (
			);
			runOnlyForDeploymentPostprocessing = 0;
		};
		C1AFDDA41E96357800A09A2F /* Frameworks */ = {
			isa = PBXFrameworksBuildPhase;
			buildActionMask = 2147483647;
			files = (
			);
			runOnlyForDeploymentPostprocessing = 0;
		};
/* End PBXFrameworksBuildPhase section */

/* Begin PBXGroup section */
		C17AEF611DD2146500F30316 = {
			isa = PBXGroup;
			children = (
				C17AEF6C1DD2146500F30316 /* Leetcode */,
				C1AFDDA81E96357800A09A2F /* LeetcodeTest */,
				C17AEF6B1DD2146500F30316 /* Products */,
			);
			sourceTree = "<group>";
		};
		C17AEF6B1DD2146500F30316 /* Products */ = {
			isa = PBXGroup;
			children = (
				C17AEF6A1DD2146500F30316 /* Leetcode */,
				C1AFDDA71E96357800A09A2F /* LeetcodeTest.xctest */,
			);
			name = Products;
			sourceTree = "<group>";
		};
		C17AEF6C1DD2146500F30316 /* Leetcode */ = {
			isa = PBXGroup;
			children = (
				C1AFDDB01E9637A400A09A2F /* Easy */,
				C17AEF6D1DD2146500F30316 /* main.swift */,
			);
			path = Leetcode;
			sourceTree = "<group>";
		};
		C1AFDDA81E96357800A09A2F /* LeetcodeTest */ = {
			isa = PBXGroup;
			children = (
				C1AFDDB41E9637E100A09A2F /* Easy */,
				C1AFDDB91E963D7300A09A2F /* LeetCodeTest.swift */,
				C1AFDDAB1E96357800A09A2F /* Info.plist */,
			);
			path = LeetcodeTest;
			sourceTree = "<group>";
		};
		C1AFDDB01E9637A400A09A2F /* Easy */ = {
			isa = PBXGroup;
			children = (
				C1AFDDB11E9637A400A09A2F /* TwoSum_1.swift */,
			);
			path = Easy;
			sourceTree = "<group>";
		};
		C1AFDDB41E9637E100A09A2F /* Easy */ = {
			isa = PBXGroup;
			children = (
				C1AFDDB71E96385200A09A2F /* TwoSum_1_Test.swift */,
			);
			path = Easy;
			sourceTree = "<group>";
		};
/* End PBXGroup section */

/* Begin PBXNativeTarget section */
		C17AEF691DD2146500F30316 /* Leetcode */ = {
			isa = PBXNativeTarget;
			buildConfigurationList = C17AEF711DD2146500F30316 /* Build configuration list for PBXNativeTarget "Leetcode" */;
			buildPhases = (
				C17AEF661DD2146500F30316 /* Sources */,
				C17AEF671DD2146500F30316 /* Frameworks */,
				C17AEF681DD2146500F30316 /* CopyFiles */,
			);
			buildRules = (
			);
			dependencies = (
			);
			name = Leetcode;
			productName = Leetcode;
			productReference = C17AEF6A1DD2146500F30316 /* Leetcode */;
			productType = "com.apple.product-type.tool";
		};
		C1AFDDA61E96357800A09A2F /* LeetcodeTest */ = {
			isa = PBXNativeTarget;
			buildConfigurationList = C1AFDDAC1E96357800A09A2F /* Build configuration list for PBXNativeTarget "LeetcodeTest" */;
			buildPhases = (
				C1AFDDA31E96357800A09A2F /* Sources */,
				C1AFDDA41E96357800A09A2F /* Frameworks */,
				C1AFDDA51E96357800A09A2F /* Resources */,
			);
			buildRules = (
			);
			dependencies = (
			);
			name = LeetcodeTest;
			productName = LeetcodeTest;
			productReference = C1AFDDA71E96357800A09A2F /* LeetcodeTest.xctest */;
			productType = "com.apple.product-type.bundle.unit-test";
		};
/* End PBXNativeTarget section */

/* Begin PBXProject section */
		C17AEF621DD2146500F30316 /* Project object */ = {
			isa = PBXProject;
			attributes = {
				LastSwiftUpdateCheck = 0830;
				LastUpgradeCheck = 0820;
				ORGANIZATIONNAME = pcz;
				TargetAttributes = {
					C17AEF691DD2146500F30316 = {
						CreatedOnToolsVersion = 8.0;
						ProvisioningStyle = Automatic;
					};
					C1AFDDA61E96357800A09A2F = {
						CreatedOnToolsVersion = 8.3;
						ProvisioningStyle = Automatic;
					};
				};
			};
			buildConfigurationList = C17AEF651DD2146500F30316 /* Build configuration list for PBXProject "Leetcode" */;
			compatibilityVersion = "Xcode 3.2";
			developmentRegion = English;
			hasScannedForEncodings = 0;
			knownRegions = (
				en,
			);
			mainGroup = C17AEF611DD2146500F30316;
			productRefGroup = C17AEF6B1DD2146500F30316 /* Products */;
			projectDirPath = "";
			projectRoot = "";
			targets = (
				C17AEF691DD2146500F30316 /* Leetcode */,
				C1AFDDA61E96357800A09A2F /* LeetcodeTest */,
			);
		};
/* End PBXProject section */

/* Begin PBXResourcesBuildPhase section */
		C1AFDDA51E96357800A09A2F /* Resources */ = {
			isa = PBXResourcesBuildPhase;
			buildActionMask = 2147483647;
			files = (
			);
			runOnlyForDeploymentPostprocessing = 0;
		};
/* End PBXResourcesBuildPhase section */

/* Begin PBXSourcesBuildPhase section */
		C17AEF661DD2146500F30316 /* Sources */ = {
			isa = PBXSourcesBuildPhase;
			buildActionMask = 2147483647;
			files = (
				C1AFDDB21E9637A400A09A2F /* TwoSum_1.swift in Sources */,
				C17AEF6E1DD2146500F30316 /* main.swift in Sources */,
			);
			runOnlyForDeploymentPostprocessing = 0;
		};
		C1AFDDA31E96357800A09A2F /* Sources */ = {
			isa = PBXSourcesBuildPhase;
			buildActionMask = 2147483647;
			files = (
				C1AFDDAF1E9635E400A09A2F /* main.swift in Sources */,
				C1AFDDB81E96385200A09A2F /* TwoSum_1_Test.swift in Sources */,
				C1AFDDBA1E963D7300A09A2F /* LeetCodeTest.swift in Sources */,
				C1AFDDB31E9637A400A09A2F /* TwoSum_1.swift in Sources */,
			);
			runOnlyForDeploymentPostprocessing = 0;
		};
/* End PBXSourcesBuildPhase section */

/* Begin XCBuildConfiguration section */
		C17AEF6F1DD2146500F30316 /* Debug */ = {
			isa = XCBuildConfiguration;
			buildSettings = {
				ALWAYS_SEARCH_USER_PATHS = NO;
				CLANG_ANALYZER_NONNULL = YES;
				CLANG_CXX_LANGUAGE_STANDARD = "gnu++0x";
				CLANG_CXX_LIBRARY = "libc++";
				CLANG_ENABLE_MODULES = YES;
				CLANG_ENABLE_OBJC_ARC = YES;
				CLANG_WARN_BOOL_CONVERSION = YES;
				CLANG_WARN_CONSTANT_CONVERSION = YES;
				CLANG_WARN_DIRECT_OBJC_ISA_USAGE = YES_ERROR;
				CLANG_WARN_DOCUMENTATION_COMMENTS = YES;
				CLANG_WARN_EMPTY_BODY = YES;
				CLANG_WARN_ENUM_CONVERSION = YES;
				CLANG_WARN_INFINITE_RECURSION = YES;
				CLANG_WARN_INT_CONVERSION = YES;
				CLANG_WARN_OBJC_ROOT_CLASS = YES_ERROR;
				CLANG_WARN_SUSPICIOUS_MOVE = YES;
				CLANG_WARN_SUSPICIOUS_MOVES = YES;
				CLANG_WARN_UNREACHABLE_CODE = YES;
				CLANG_WARN__DUPLICATE_METHOD_MATCH = YES;
				CODE_SIGN_IDENTITY = "-";
				COPY_PHASE_STRIP = NO;
				DEBUG_INFORMATION_FORMAT = dwarf;
				ENABLE_STRICT_OBJC_MSGSEND = YES;
				ENABLE_TESTABILITY = YES;
				GCC_C_LANGUAGE_STANDARD = gnu99;
				GCC_DYNAMIC_NO_PIC = NO;
				GCC_NO_COMMON_BLOCKS = YES;
				GCC_OPTIMIZATION_LEVEL = 0;
				GCC_PREPROCESSOR_DEFINITIONS = (
					"DEBUG=1",
					"$(inherited)",
				);
				GCC_WARN_64_TO_32_BIT_CONVERSION = YES;
				GCC_WARN_ABOUT_RETURN_TYPE = YES_ERROR;
				GCC_WARN_UNDECLARED_SELECTOR = YES;
				GCC_WARN_UNINITIALIZED_AUTOS = YES_AGGRESSIVE;
				GCC_WARN_UNUSED_FUNCTION = YES;
				GCC_WARN_UNUSED_VARIABLE = YES;
				MACOSX_DEPLOYMENT_TARGET = 10.11;
				MTL_ENABLE_DEBUG_INFO = YES;
				ONLY_ACTIVE_ARCH = YES;
				SDKROOT = macosx;
				SWIFT_OPTIMIZATION_LEVEL = "-Onone";
			};
			name = Debug;
		};
		C17AEF701DD2146500F30316 /* Release */ = {
			isa = XCBuildConfiguration;
			buildSettings = {
				ALWAYS_SEARCH_USER_PATHS = NO;
				CLANG_ANALYZER_NONNULL = YES;
				CLANG_CXX_LANGUAGE_STANDARD = "gnu++0x";
				CLANG_CXX_LIBRARY = "libc++";
				CLANG_ENABLE_MODULES = YES;
				CLANG_ENABLE_OBJC_ARC = YES;
				CLANG_WARN_BOOL_CONVERSION = YES;
				CLANG_WARN_CONSTANT_CONVERSION = YES;
				CLANG_WARN_DIRECT_OBJC_ISA_USAGE = YES_ERROR;
				CLANG_WARN_DOCUMENTATION_COMMENTS = YES;
				CLANG_WARN_EMPTY_BODY = YES;
				CLANG_WARN_ENUM_CONVERSION = YES;
				CLANG_WARN_INFINITE_RECURSION = YES;
				CLANG_WARN_INT_CONVERSION = YES;
				CLANG_WARN_OBJC_ROOT_CLASS = YES_ERROR;
				CLANG_WARN_SUSPICIOUS_MOVE = YES;
				CLANG_WARN_SUSPICIOUS_MOVES = YES;
				CLANG_WARN_UNREACHABLE_CODE = YES;
				CLANG_WARN__DUPLICATE_METHOD_MATCH = YES;
				CODE_SIGN_IDENTITY = "-";
				COPY_PHASE_STRIP = NO;
				DEBUG_INFORMATION_FORMAT = "dwarf-with-dsym";
				ENABLE_NS_ASSERTIONS = NO;
				ENABLE_STRICT_OBJC_MSGSEND = YES;
				GCC_C_LANGUAGE_STANDARD = gnu99;
				GCC_NO_COMMON_BLOCKS = YES;
				GCC_WARN_64_TO_32_BIT_CONVERSION = YES;
				GCC_WARN_ABOUT_RETURN_TYPE = YES_ERROR;
				GCC_WARN_UNDECLARED_SELECTOR = YES;
				GCC_WARN_UNINITIALIZED_AUTOS = YES_AGGRESSIVE;
				GCC_WARN_UNUSED_FUNCTION = YES;
				GCC_WARN_UNUSED_VARIABLE = YES;
				MACOSX_DEPLOYMENT_TARGET = 10.11;
				MTL_ENABLE_DEBUG_INFO = NO;
				SDKROOT = macosx;
				SWIFT_OPTIMIZATION_LEVEL = "-Owholemodule";
			};
			name = Release;
		};
		C17AEF721DD2146500F30316 /* Debug */ = {
			isa = XCBuildConfiguration;
			buildSettings = {
				PRODUCT_NAME = "$(TARGET_NAME)";
				SWIFT_VERSION = 3.0;
			};
			name = Debug;
		};
		C17AEF731DD2146500F30316 /* Release */ = {
			isa = XCBuildConfiguration;
			buildSettings = {
				PRODUCT_NAME = "$(TARGET_NAME)";
				SWIFT_VERSION = 3.0;
			};
			name = Release;
		};
		C1AFDDAD1E96357800A09A2F /* Debug */ = {
			isa = XCBuildConfiguration;
			buildSettings = {
				CLANG_ANALYZER_NUMBER_OBJECT_CONVERSION = YES_AGGRESSIVE;
				COMBINE_HIDPI_IMAGES = YES;
				INFOPLIST_FILE = LeetcodeTest/Info.plist;
				LD_RUNPATH_SEARCH_PATHS = "$(inherited) @executable_path/../Frameworks @loader_path/../Frameworks";
				MACOSX_DEPLOYMENT_TARGET = 10.12;
				PRODUCT_BUNDLE_IDENTIFIER = com.pan.LeetcodeTest;
				PRODUCT_NAME = "$(TARGET_NAME)";
				SWIFT_ACTIVE_COMPILATION_CONDITIONS = DEBUG;
				SWIFT_VERSION = 3.0;
			};
			name = Debug;
		};
		C1AFDDAE1E96357800A09A2F /* Release */ = {
			isa = XCBuildConfiguration;
			buildSettings = {
				CLANG_ANALYZER_NUMBER_OBJECT_CONVERSION = YES_AGGRESSIVE;
				COMBINE_HIDPI_IMAGES = YES;
				INFOPLIST_FILE = LeetcodeTest/Info.plist;
				LD_RUNPATH_SEARCH_PATHS = "$(inherited) @executable_path/../Frameworks @loader_path/../Frameworks";
				MACOSX_DEPLOYMENT_TARGET = 10.12;
				PRODUCT_BUNDLE_IDENTIFIER = com.pan.LeetcodeTest;
				PRODUCT_NAME = "$(TARGET_NAME)";
				SWIFT_VERSION = 3.0;
			};
			name = Release;
		};
/* End XCBuildConfiguration section */

/* Begin XCConfigurationList section */
		C17AEF651DD2146500F30316 /* Build configuration list for PBXProject "Leetcode" */ = {
			isa = XCConfigurationList;
			buildConfigurations = (
				C17AEF6F1DD2146500F30316 /* Debug */,
				C17AEF701DD2146500F30316 /* Release */,
			);
			defaultConfigurationIsVisible = 0;
			defaultConfigurationName = Release;
		};
		C17AEF711DD2146500F30316 /* Build configuration list for PBXNativeTarget "Leetcode" */ = {
			isa = XCConfigurationList;
			buildConfigurations = (
				C17AEF721DD2146500F30316 /* Debug */,
				C17AEF731DD2146500F30316 /* Release */,
			);
			defaultConfigurationIsVisible = 0;
			defaultConfigurationName = Release;
		};
		C1AFDDAC1E96357800A09A2F /* Build configuration list for PBXNativeTarget "LeetcodeTest" */ = {
			isa = XCConfigurationList;
			buildConfigurations = (
				C1AFDDAD1E96357800A09A2F /* Debug */,
				C1AFDDAE1E96357800A09A2F /* Release */,
			);
			defaultConfigurationIsVisible = 0;
		};
/* End XCConfigurationList section */
	};
	rootObject = C17AEF621DD2146500F30316 /* Project object */;
}
